
Microsoft Visual Studio Solution File, Format Version 12.00
# Visual Studio 15
VisualStudioVersion = 15.0.26124.0
MinimumVisualStudioVersion = 15.0.26124.0
Project("{FAE04EC0-301F-11D3-BF4B-00C04F79EFBC}") = "task1", "task1\task1.csproj", "{60F5B541-CC98-42EB-A6BE-D72C0FC5C029}"
EndProject
Project("{FAE04EC0-301F-11D3-BF4B-00C04F79EFBC}") = "task2", "task2\task2.csproj", "{CBB68862-1ABF-49FA-A2BD-0380FEE4F2DC}"
EndProject
Project("{FAE04EC0-301F-11D3-BF4B-00C04F79EFBC}") = "task3", "task3\task3.csproj", "{EF3C6ADB-2253-4805-AC06-3D48792816F6}"
EndProject
Project("{FAE04EC0-301F-11D3-BF4B-00C04F79EFBC}") = "tests", "tests\tests.csproj", "{65F0202F-FFE9-4FD4-98B7-CABEEAE99675}"
EndProject
Global
	GlobalSection(SolutionConfigurationPlatforms) = preSolution
		Debug|Any CPU = Debug|Any CPU
		Debug|x64 = Debug|x64
		Debug|x86 = Debug|x86
		Release|Any CPU = Release|Any CPU
		Release|x64 = Release|x64
		Release|x86 = Release|x86
	EndGlobalSection
	GlobalSection(SolutionProperties) = preSolution
		HideSolutionNode = FALSE
	EndGlobalSection
	GlobalSection(ProjectConfigurationPlatforms) = postSolution
		{60F5B541-CC98-42EB-A6BE-D72C0FC5C029}.Debug|Any CPU.ActiveCfg = Debug|Any CPU
		{60F5B541-CC98-42EB-A6BE-D72C0FC5C029}.Debug|Any CPU.Build.0 = Debug|Any CPU
		{60F5B541-CC98-42EB-A6BE-D72C0FC5C029}.Debug|x64.ActiveCfg = Debug|Any CPU
		{60F5B541-CC98-42EB-A6BE-D72C0FC5C029}.Debug|x64.Build.0 = Debug|Any CPU
		{60F5B541-CC98-42EB-A6BE-D72C0FC5C029}.Debug|x86.ActiveCfg = Debug|Any CPU
		{60F5B541-CC98-42EB-A6BE-D72C0FC5C029}.Debug|x86.Build.0 = Debug|Any CPU
		{60F5B541-CC98-42EB-A6BE-D72C0FC5C029}.Release|Any CPU.ActiveCfg = Release|Any CPU
		{60F5B541-CC98-42EB-A6BE-D72C0FC5C029}.Release|Any CPU.Build.0 = Release|Any CPU
		{60F5B541-CC98-42EB-A6BE-D72C0FC5C029}.Release|x64.ActiveCfg = Release|Any CPU
		{60F5B541-CC98-42EB-A6BE-D72C0FC5C029}.Release|x64.Build.0 = Release|Any CPU
		{60F5B541-CC98-42EB-A6BE-D72C0FC5C029}.Release|x86.ActiveCfg = Release|Any CPU
		{60F5B541-CC98-42EB-A6BE-D72C0FC5C029}.Release|x86.Build.0 = Release|Any CPU
		{CBB68862-1ABF-49FA-A2BD-0380FEE4F2DC}.Debug|Any CPU.ActiveCfg = Debug|Any CPU
		{CBB68862-1ABF-49FA-A2BD-0380FEE4F2DC}.Debug|Any CPU.Build.0 = Debug|Any CPU
		{CBB68862-1ABF-49FA-A2BD-0380FEE4F2DC}.Debug|x64.ActiveCfg = Debug|Any CPU
		{CBB68862-1ABF-49FA-A2BD-0380FEE4F2DC}.Debug|x64.Build.0 = Debug|Any CPU
		{CBB68862-1ABF-49FA-A2BD-0380FEE4F2DC}.Debug|x86.ActiveCfg = Debug|Any CPU
		{CBB68862-1ABF-49FA-A2BD-0380FEE4F2DC}.Debug|x86.Build.0 = Debug|Any CPU
		{CBB68862-1ABF-49FA-A2BD-0380FEE4F2DC}.Release|Any CPU.ActiveCfg = Release|Any CPU
		{CBB68862-1ABF-49FA-A2BD-0380FEE4F2DC}.Release|Any CPU.Build.0 = Release|Any CPU
		{CBB68862-1ABF-49FA-A2BD-0380FEE4F2DC}.Release|x64.ActiveCfg = Release|Any CPU
		{CBB68862-1ABF-49FA-A2BD-0380FEE4F2DC}.Release|x64.Build.0 = Release|Any CPU
		{CBB68862-1ABF-49FA-A2BD-0380FEE4F2DC}.Release|x86.ActiveCfg = Release|Any CPU
		{CBB68862-1ABF-49FA-A2BD-0380FEE4F2DC}.Release|x86.Build.0 = Release|Any CPU
		{EF3C6ADB-2253-4805-AC06-3D48792816F6}.Debug|Any CPU.ActiveCfg = Debug|Any CPU
		{EF3C6ADB-2253-4805-AC06-3D48792816F6}.Debug|Any CPU.Build.0 = Debug|Any CPU
		{EF3C6ADB-2253-4805-AC06-3D48792816F6}.Debug|x64.ActiveCfg = Debug|Any CPU
		{EF3C6ADB-2253-4805-AC06-3D48792816F6}.Debug|x64.Build.0 = Debug|Any CPU
		{EF3C6ADB-2253-4805-AC06-3D48792816F6}.Debug|x86.ActiveCfg = Debug|Any CPU
		{EF3C6ADB-2253-4805-AC06-3D48792816F6}.Debug|x86.Build.0 = Debug|Any CPU
		{EF3C6ADB-2253-4805-AC06-3D48792816F6}.Release|Any CPU.ActiveCfg = Release|Any CPU
		{EF3C6ADB-2253-4805-AC06-3D48792816F6}.Release|Any CPU.Build.0 = Release|Any CPU
		{EF3C6ADB-2253-4805-AC06-3D48792816F6}.Release|x64.ActiveCfg = Release|Any CPU
		{EF3C6ADB-2253-4805-AC06-3D48792816F6}.Release|x64.Build.0 = Release|Any CPU
		{EF3C6ADB-2253-4805-AC06-3D48792816F6}.Release|x86.ActiveCfg = Release|Any CPU
		{EF3C6ADB-2253-4805-AC06-3D48792816F6}.Release|x86.Build.0 = Release|Any CPU
		{65F0202F-FFE9-4FD4-98B7-CABEEAE99675}.Debug|Any CPU.ActiveCfg = Debug|Any CPU
		{65F0202F-FFE9-4FD4-98B7-CABEEAE99675}.Debug|Any CPU.Build.0 = Debug|Any CPU
		{65F0202F-FFE9-4FD4-98B7-CABEEAE99675}.Debug|x64.ActiveCfg = Debug|Any CPU
		{65F0202F-FFE9-4FD4-98B7-CABEEAE99675}.Debug|x64.Build.0 = Debug|Any CPU
		{65F0202F-FFE9-4FD4-98B7-CABEEAE99675}.Debug|x86.ActiveCfg = Debug|Any CPU
		{65F0202F-FFE9-4FD4-98B7-CABEEAE99675}.Debug|x86.Build.0 = Debug|Any CPU
		{65F0202F-FFE9-4FD4-98B7-CABEEAE99675}.Release|Any CPU.ActiveCfg = Release|Any CPU
		{65F0202F-FFE9-4FD4-98B7-CABEEAE99675}.Release|Any CPU.Build.0 = Release|Any CPU
		{65F0202F-FFE9-4FD4-98B7-CABEEAE99675}.Release|x64.ActiveCfg = Release|Any CPU
		{65F0202F-FFE9-4FD4-98B7-CABEEAE99675}.Release|x64.Build.0 = Release|Any CPU
		{65F0202F-FFE9-4FD4-98B7-CABEEAE99675}.Release|x86.ActiveCfg = Release|Any CPU
		{65F0202F-FFE9-4FD4-98B7-CABEEAE99675}.Release|x86.Build.0 = Release|Any CPU
	EndGlobalSection
EndGlobal
